{
  "name": "marble-drive",
  "version": "0.1.0",
  "lockfileVersion": 3,
  "requires": true,
  "packages": {
    "": {
      "name": "marble-drive",
      "version": "0.1.0",
      "license": "MIT",
      "dependencies": {
        "@bdhmin/marble": "file:../marble"
      },
      "bin": {
        "marble-drive": "bin/marble-drive.js"
      },
      "engines": {
        "node": ">=22.0.0"
      }
    },
    "../marble": {
      "name": "@bdhmin/marble",
      "version": "0.1.2",
      "license": "MIT",
      "dependencies": {
        "parse5": "^7.2.1"
      },
      "bin": {
        "marble": "bin/marble.js",
        "mrbl": "bin/marble.js"
      },
      "devDependencies": {
        "playwright": "^1.62.1"
      },
      "engines": {
        "node": ">=22.0.0"
      }
    },
    "node_modules/@bdhmin/marble": {
      "resolved": "../marble",
      "link": true
    }
  }
}
